# THIS IS AN AUTOGENERATED FILE. DO NOT EDIT THIS FILE DIRECTLY.
# yarn lockfile v1


"@effect/core@^0.0.15":
  version "0.0.15"
  resolved "https://registry.yarnpkg.com/@effect/core/-/core-0.0.15.tgz#54204a9222d826a0e12499eb14dcf441656bac25"
  integrity sha512-cl7KBKJ7RnAK/DjP3l/62021erSCXUyQ3G9b2AFA7IfdyxsZnmDWvdvT0fQUauXC2KxJ1/UmIOgeAzj1f1ulrQ==
  dependencies:
    "@tsplus/stdlib" "^0.2.8"

"@effect/core@^0.0.16":
  version "0.0.16"
  resolved "https://registry.yarnpkg.com/@effect/core/-/core-0.0.16.tgz#b3199462a12609fbaf1c52f218f3ff11d9c8f3f6"
  integrity sha512-JugbKcqo9CPdm4n7t/buO4nYxKwThafh0tXVvPgRC3RcwuOS1dzo3tIk6RVq1wYh8Kg4df5SwmdED2VvN4c/RA==
  dependencies:
    "@effect/printer" "^0.0.4"
    "@tsplus/stdlib" "^0.2.8"

"@effect/language-service@link:..":
  version "0.0.0"
  uid ""

"@effect/printer@^0.0.4":
  version "0.0.4"
  resolved "https://registry.yarnpkg.com/@effect/printer/-/printer-0.0.4.tgz#3c829e0c3f42c64cb2e7768573b3b49a6e81ebc2"
  integrity sha512-oTn6U9GCg01E+kYwUBs4LM6k6hVq0pA7ZAYKdj972n2LjYeqg4+We6ZqoYWH2Pw5TDHOavtIEdYqt61uUxiZgg==
  dependencies:
    "@tsplus/stdlib" "^0.2.6"

"@effect/printer@^0.1.0":
  version "0.1.0"
  resolved "https://registry.yarnpkg.com/@effect/printer/-/printer-0.1.0.tgz#f4cef2c2cb095f235ab2e4bf7fa1f92beee65b60"
  integrity sha512-9i9g/3Y5p7wzg2ETFObYO1WtW600qschcwwBKG+hEH0gY0WDBrlvYs4vhjZ5Yif0baUDZcICdSwSBKwaJmh0ow==
  dependencies:
    "@fp-ts/core" "^0.0.5"
    "@fp-ts/data" "^0.0.3"

"@fp-ts/core@^0.0.5":
  version "0.0.5"
  resolved "https://registry.yarnpkg.com/@fp-ts/core/-/core-0.0.5.tgz#391003e2fe4c0f1e47812ec454f87ede97134f53"
  integrity sha512-2M/HFWhLmIZYgSIG97gM2ArBr0gKUU71HymgxfjgoUQQP5MYE+Cx5pZsCqmdGyCkwooiaetAky4up79WKURSxg==

"@fp-ts/core@^0.0.7":
  version "0.0.7"
  resolved "https://registry.yarnpkg.com/@fp-ts/core/-/core-0.0.7.tgz#1e032d0bd5483310de115ff24d17ba98b25051cc"
  integrity sha512-Gp8sApjYzWa0HrmntZnmCxb9XUldISPaI9HXHE5UD5bzrzRTw77w55xYmLZi8kYptsQyuI280qfmQ9XCsmOGIQ==

"@fp-ts/core@^0.0.8":
  version "0.0.8"
  resolved "https://registry.yarnpkg.com/@fp-ts/core/-/core-0.0.8.tgz#4b1144e01e175cd79956a65c99409862640c6e4d"
  integrity sha512-TcZnP2Oc5b2eJ949z81sI3wdt9GpFFufwpEb6VOIlTQTucx18xNXPWmKv+1jrDacfdDh6Q8rP9kUSRohRUz5pQ==

"@fp-ts/data@^0.0.3":
  version "0.0.3"
  resolved "https://registry.yarnpkg.com/@fp-ts/data/-/data-0.0.3.tgz#5f1917144cca7d4d0f0d6a19877df7dfb30c1173"
  integrity sha512-mtym4emSbm1k0Pre8CnEhZr7Dibbjaygb8Dcps6XU8jrmugYGRsrVYugfv4/DjSi/9/O6ZDy9kQ8PCqq4iykiw==
  dependencies:
    "@fp-ts/core" "^0.0.5"

"@fp-ts/data@^0.0.9":
  version "0.0.9"
  resolved "https://registry.yarnpkg.com/@fp-ts/data/-/data-0.0.9.tgz#5fd4b69161a1843a655779c2231d62fb4387b66c"
  integrity sha512-uik6VrT4PehvRf1rFQ0VJksCethYI0+wXD4BPgZdm7BOVfpcFtZ9OLUUvHXJxey/eS0GWIF2CPjh+xM2hECH9g==
  dependencies:
    "@fp-ts/core" "^0.0.7"

"@tsplus/runtime@^0.1.10":
  version "0.1.10"
  resolved "https://registry.yarnpkg.com/@tsplus/runtime/-/runtime-0.1.10.tgz#94be808b0313aaa3b9614bbbd825a1e022b58ee8"
  integrity sha512-4D1w2WYL7w+wBcbfIhqCOtmIhU3Jyc/FbxR9imQLcTqw05sr9GKTWkXkv5Q77MHFv5MkAP5bdSkKhgsHhGhiWw==
  dependencies:
    "@tsplus/stdlib" "0.2.8"

"@tsplus/stdlib@0.2.8", "@tsplus/stdlib@^0.2.6", "@tsplus/stdlib@^0.2.8":
  version "0.2.8"
  resolved "https://registry.yarnpkg.com/@tsplus/stdlib/-/stdlib-0.2.8.tgz#060380d9d16d5ae059750c469f52e4257a1b6e66"
  integrity sha512-UKAN06h9V/wUflSbOU1WwACisXEi4+PHwGqR+bwxqcClrEAA8KKTTLZ0ATMbqbVAVTudE0vW4pd5iY6vGvSFBw==

typescript@^4.8.4:
  version "4.9.3"
  resolved "https://registry.yarnpkg.com/typescript/-/typescript-4.9.3.tgz#3aea307c1746b8c384435d8ac36b8a2e580d85db"
  integrity sha512-CIfGzTelbKNEnLpLdGFgdyKhG23CKdKgQPOBc+OUNrkJ2vr+KSzsSV5kq5iWhEQbok+quxgGzrAtGWCyU7tHnA==
